<?xml version="1.0" encoding="utf-8"?>
<Project ToolsVersion="4.0" xmlns="http://schemas.microsoft.com/developer/msbuild/2003">
  <ItemGroup>
    <Filter Include="Source Files">
      <UniqueIdentifier>{4FC737F1-C7A5-4376-A066-2A32D752A2FF}</UniqueIdentifier>
      <Extensions>cpp;c;cc;cxx;c++;cppm;ixx;def;odl;idl;hpj;bat;asm;asmx</Extensions>
    </Filter>
    <Filter Include="Header Files">
      <UniqueIdentifier>{93995380-89BD-4b04-88EB-625FBE52EBFB}</UniqueIdentifier>
      <Extensions>h;hh;hpp;hxx;h++;hm;inl;inc;ipp;xsd</Extensions>
    </Filter>
    <Filter Include="Resource Files">
      <UniqueIdentifier>{67DA6AB6-F800-4c08-8B7A-83BB121AAD01}</UniqueIdentifier>
      <Extensions>rc;ico;cur;bmp;dlg;rc2;rct;bin;rgs;gif;jpg;jpeg;jpe;resx;tiff;tif;png;wav;mfcribbon-ms</Extensions>
    </Filter>
    <Filter Include="Shaders">
      <UniqueIdentifier>{831d3a1f-7e47-4446-a675-7e73c0b5eab5}</UniqueIdentifier>
    </Filter>
    <Filter Include="Objects">
      <UniqueIdentifier>{193b08e0-c08c-481e-8d09-cc7224400683}</UniqueIdentifier>
    </Filter>
  </ItemGroup>
  <ItemGroup>
    <ClCompile Include="glad\src\glad.c">
      <Filter>Source Files</Filter>
    </ClCompile>
    <ClCompile Include="Scripts\AObjectDraw.cpp">
      <Filter>Source Files</Filter>
    </ClCompile>
    <ClCompile Include="Scripts\ApplicationMain.cpp">
      <Filter>Source Files</Filter>
    </ClCompile>
    <ClCompile Include="Scripts\DrawingPad.cpp">
      <Filter>Source Files</Filter>
    </ClCompile>
    <ClCompile Include="Scripts\KeyPresses.cpp">
      <Filter>Source Files</Filter>
    </ClCompile>
    <ClCompile Include="Scripts\MathFunctions.cpp">
      <Filter>Source Files</Filter>
    </ClCompile>
  </ItemGroup>
  <ItemGroup>
    <Text Include="Archivies.txt" />
    <Text Include="Objects\Object.MYOBJ">
      <Filter>Objects</Filter>
    </Text>
  </ItemGroup>
  <ItemGroup>
    <None Include="Shaders\vertShader.vert">
      <Filter>Shaders</Filter>
    </None>
    <None Include="Shaders\fragSimpleShader.frag">
      <Filter>Shaders</Filter>
    </None>
    <None Include="Shaders\fragTextureShader.frag">
      <Filter>Shaders</Filter>
    </None>
    <None Include="Shaders\frameBuf.frag">
      <Filter>Shaders</Filter>
    </None>
    <None Include="Objects\Special.MYOBJ">
      <Filter>Objects</Filter>
    </None>
  </ItemGroup>
  <ItemGroup>
    <ClInclude Include="Scripts\VAOCreate.h">
      <Filter>Header Files</Filter>
    </ClInclude>
    <ClInclude Include="Scripts\AObjectDraw.h">
      <Filter>Header Files</Filter>
    </ClInclude>
    <ClInclude Include="Scripts\ApplicationMain.h">
      <Filter>Header Files</Filter>
    </ClInclude>
    <ClInclude Include="Scripts\Constants.h">
      <Filter>Header Files</Filter>
    </ClInclude>
    <ClInclude Include="Scripts\DrawingPad.h">
      <Filter>Header Files</Filter>
    </ClInclude>
    <ClInclude Include="Scripts\GlobalVars.h">
      <Filter>Header Files</Filter>
    </ClInclude>
    <ClInclude Include="Scripts\GlStuff.h">
      <Filter>Header Files</Filter>
    </ClInclude>
    <ClInclude Include="Scripts\IntializeShaders.h">
      <Filter>Header Files</Filter>
    </ClInclude>
    <ClInclude Include="Scripts\KeyPresses.h">
      <Filter>Header Files</Filter>
    </ClInclude>
    <ClInclude Include="Scripts\ObjectClasses.h">
      <Filter>Header Files</Filter>
    </ClInclude>
    <ClInclude Include="Scripts\MathFunctions.h">
      <Filter>Header Files</Filter>
    </ClInclude>
    <ClInclude Include="Scripts\Camera.h">
      <Filter>Header Files</Filter>
    </ClInclude>
    <ClInclude Include="Scripts\List.h">
      <Filter>Header Files</Filter>
    </ClInclude>
    <ClInclude Include="Scripts\EngineBase.h">
      <Filter>Header Files</Filter>
    </ClInclude>
  </ItemGroup>
</Project>